
Microsoft Visual Studio Solution File, Format Version 12.00
# Visual Studio 15
VisualStudioVersion = 15.0.28307.106
MinimumVisualStudioVersion = 10.0.40219.1
Project("{FAE04EC0-301F-11D3-BF4B-00C04F79EFBC}") = "ThuVien", "ThuVien\ThuVien.csproj", "{DB8CE2D6-B081-4489-AEA8-03180CCD408B}"
EndProject
Global
	GlobalSection(SolutionConfigurationPlatforms) = preSolution
		Debug|Any CPU = Debug|Any CPU
		Release|Any CPU = Release|Any CPU
	EndGlobalSection
	GlobalSection(ProjectConfigurationPlatforms) = postSolution
		{DB8CE2D6-B081-4489-AEA8-03180CCD408B}.Debug|Any CPU.ActiveCfg = Debug|Any CPU
		{DB8CE2D6-B081-4489-AEA8-03180CCD408B}.Debug|Any CPU.Build.0 = Debug|Any CPU
		{DB8CE2D6-B081-4489-AEA8-03180CCD408B}.Release|Any CPU.ActiveCfg = Release|Any CPU
		{DB8CE2D6-B081-4489-AEA8-03180CCD408B}.Release|Any CPU.Build.0 = Release|Any CPU
	EndGlobalSection
	GlobalSection(SolutionProperties) = preSolution
		HideSolutionNode = FALSE
	EndGlobalSection
	GlobalSection(ExtensibilityGlobals) = postSolution
		SolutionGuid = {8718B696-B0BE-4AA7-9590-D111638340C7}
	EndGlobalSection
EndGlobal
